
Microsoft Visual Studio Solution File, Format Version 12.00
# Visual Studio 15
VisualStudioVersion = 15.0.27703.2000
MinimumVisualStudioVersion = 10.0.40219.1
Project("{FAE04EC0-301F-11D3-BF4B-00C04F79EFBC}") = "WpfSew", "WpfSew\WpfSew.csproj", "{C5D19584-CE9A-4B12-B967-61D160859ED6}"
EndProject
Global
	GlobalSection(SolutionConfigurationPlatforms) = preSolution
		Debug|Any CPU = Debug|Any CPU
		Release|Any CPU = Release|Any CPU
	EndGlobalSection
	GlobalSection(ProjectConfigurationPlatforms) = postSolution
		{C5D19584-CE9A-4B12-B967-61D160859ED6}.Debug|Any CPU.ActiveCfg = Debug|Any CPU
		{C5D19584-CE9A-4B12-B967-61D160859ED6}.Debug|Any CPU.Build.0 = Debug|Any CPU
		{C5D19584-CE9A-4B12-B967-61D160859ED6}.Release|Any CPU.ActiveCfg = Release|Any CPU
		{C5D19584-CE9A-4B12-B967-61D160859ED6}.Release|Any CPU.Build.0 = Release|Any CPU
	EndGlobalSection
	GlobalSection(SolutionProperties) = preSolution
		HideSolutionNode = FALSE
	EndGlobalSection
	GlobalSection(ExtensibilityGlobals) = postSolution
		SolutionGuid = {723EA4CD-81DD-44B9-B9E9-38DC6FE040ED}
	EndGlobalSection
EndGlobal
